
Microsoft Visual Studio Solution File, Format Version 12.00
# Visual Studio Version 17
VisualStudioVersion = 17.8.34601.278
MinimumVisualStudioVersion = 10.0.40219.1
Project("{FAE04EC0-301F-11D3-BF4B-00C04F79EFBC}") = "RenoWebApp", "RenoWebApp\RenoWebApp.csproj", "{27DFBEAE-D9E9-4037-A6D9-5C2F7168CE6C}"
EndProject
Global
	GlobalSection(SolutionConfigurationPlatforms) = preSolution
		Debug|Any CPU = Debug|Any CPU
		Release|Any CPU = Release|Any CPU
	EndGlobalSection
	GlobalSection(ProjectConfigurationPlatforms) = postSolution
		{27DFBEAE-D9E9-4037-A6D9-5C2F7168CE6C}.Debug|Any CPU.ActiveCfg = Debug|Any CPU
		{27DFBEAE-D9E9-4037-A6D9-5C2F7168CE6C}.Debug|Any CPU.Build.0 = Debug|Any CPU
		{27DFBEAE-D9E9-4037-A6D9-5C2F7168CE6C}.Release|Any CPU.ActiveCfg = Release|Any CPU
		{27DFBEAE-D9E9-4037-A6D9-5C2F7168CE6C}.Release|Any CPU.Build.0 = Release|Any CPU
	EndGlobalSection
	GlobalSection(SolutionProperties) = preSolution
		HideSolutionNode = FALSE
	EndGlobalSection
	GlobalSection(ExtensibilityGlobals) = postSolution
		SolutionGuid = {957C95E1-1576-4770-B70A-67BA7578B38E}
	EndGlobalSection
EndGlobal
